
Microsoft Visual Studio Solution File, Format Version 12.00
# Visual Studio Version 17
VisualStudioVersion = 17.12.35209.166
MinimumVisualStudioVersion = 10.0.40219.1
Project("{FAE04EC0-301F-11D3-BF4B-00C04F79EFBC}") = "ProjectManager", "src\ProjectManager\ProjectManager.csproj", "{DC2DB793-2E7C-47CC-86F1-398C8FBB6DBD}"
EndProject
Project("{FAE04EC0-301F-11D3-BF4B-00C04F79EFBC}") = "ProjectManager.Application", "ProjectManager.Application\ProjectManager.Application.csproj", "{ACA22F8F-7AC4-4BBB-B461-A5A99E6E829A}"
EndProject
Project("{FAE04EC0-301F-11D3-BF4B-00C04F79EFBC}") = "ProjectManager.Domain", "src\ProjectManager.Domain\ProjectManager.Domain.csproj", "{BBD33B99-D412-4BD8-A28A-7209D3745484}"
EndProject
Project("{FAE04EC0-301F-11D3-BF4B-00C04F79EFBC}") = "ProjectManager.Infrastructure.SQLServer", "src\ProjectManager.Infrastructure.SQLServer\ProjectManager.Infrastructure.SQLServer.csproj", "{059B3185-E1CF-4484-9438-37EB8F7567CB}"
EndProject
Project("{2150E333-8FDC-42A3-9474-1A3956D46DE8}") = "0-Entrypoint", "0-Entrypoint", "{CA5B5689-E1BC-4C29-97A5-2F3C7BFB5E0B}"
EndProject
Project("{2150E333-8FDC-42A3-9474-1A3956D46DE8}") = "1-Application", "1-Application", "{160E11EF-675E-4FF4-A0E3-969DDFF2C9EC}"
EndProject
Project("{2150E333-8FDC-42A3-9474-1A3956D46DE8}") = "2-Domain", "2-Domain", "{7CFB893B-F381-487A-9E45-F12A45299706}"
EndProject
Project("{2150E333-8FDC-42A3-9474-1A3956D46DE8}") = "3-Infrastructure", "3-Infrastructure", "{D6F10AC4-E08C-48EC-B3E5-A0B11979D077}"
EndProject
Project("{2150E333-8FDC-42A3-9474-1A3956D46DE8}") = "src", "src", "{E45940C9-3FA8-4075-8D14-9991B447D987}"
EndProject
Project("{2150E333-8FDC-42A3-9474-1A3956D46DE8}") = "tests", "tests", "{A7F1C657-BFB6-4F84-9EE0-D6F1173D06E7}"
EndProject
Project("{2150E333-8FDC-42A3-9474-1A3956D46DE8}") = "UnitTests", "UnitTests", "{7F47FF31-E454-4E2C-8366-E695B897F1E5}"
EndProject
Project("{FAE04EC0-301F-11D3-BF4B-00C04F79EFBC}") = "ProjectManager.UnitTests", "ProjectManager.UnitTests\ProjectManager.UnitTests.csproj", "{E2EBFDBB-D853-4057-9DCD-58CCA9DB9647}"
EndProject
Global
	GlobalSection(SolutionConfigurationPlatforms) = preSolution
		Debug|Any CPU = Debug|Any CPU
		Release|Any CPU = Release|Any CPU
	EndGlobalSection
	GlobalSection(ProjectConfigurationPlatforms) = postSolution
		{DC2DB793-2E7C-47CC-86F1-398C8FBB6DBD}.Debug|Any CPU.ActiveCfg = Debug|Any CPU
		{DC2DB793-2E7C-47CC-86F1-398C8FBB6DBD}.Debug|Any CPU.Build.0 = Debug|Any CPU
		{DC2DB793-2E7C-47CC-86F1-398C8FBB6DBD}.Release|Any CPU.ActiveCfg = Release|Any CPU
		{DC2DB793-2E7C-47CC-86F1-398C8FBB6DBD}.Release|Any CPU.Build.0 = Release|Any CPU
		{ACA22F8F-7AC4-4BBB-B461-A5A99E6E829A}.Debug|Any CPU.ActiveCfg = Debug|Any CPU
		{ACA22F8F-7AC4-4BBB-B461-A5A99E6E829A}.Debug|Any CPU.Build.0 = Debug|Any CPU
		{ACA22F8F-7AC4-4BBB-B461-A5A99E6E829A}.Release|Any CPU.ActiveCfg = Release|Any CPU
		{ACA22F8F-7AC4-4BBB-B461-A5A99E6E829A}.Release|Any CPU.Build.0 = Release|Any CPU
		{BBD33B99-D412-4BD8-A28A-7209D3745484}.Debug|Any CPU.ActiveCfg = Debug|Any CPU
		{BBD33B99-D412-4BD8-A28A-7209D3745484}.Debug|Any CPU.Build.0 = Debug|Any CPU
		{BBD33B99-D412-4BD8-A28A-7209D3745484}.Release|Any CPU.ActiveCfg = Release|Any CPU
		{BBD33B99-D412-4BD8-A28A-7209D3745484}.Release|Any CPU.Build.0 = Release|Any CPU
		{059B3185-E1CF-4484-9438-37EB8F7567CB}.Debug|Any CPU.ActiveCfg = Debug|Any CPU
		{059B3185-E1CF-4484-9438-37EB8F7567CB}.Debug|Any CPU.Build.0 = Debug|Any CPU
		{059B3185-E1CF-4484-9438-37EB8F7567CB}.Release|Any CPU.ActiveCfg = Release|Any CPU
		{059B3185-E1CF-4484-9438-37EB8F7567CB}.Release|Any CPU.Build.0 = Release|Any CPU
		{E2EBFDBB-D853-4057-9DCD-58CCA9DB9647}.Debug|Any CPU.ActiveCfg = Debug|Any CPU
		{E2EBFDBB-D853-4057-9DCD-58CCA9DB9647}.Debug|Any CPU.Build.0 = Debug|Any CPU
		{E2EBFDBB-D853-4057-9DCD-58CCA9DB9647}.Release|Any CPU.ActiveCfg = Release|Any CPU
		{E2EBFDBB-D853-4057-9DCD-58CCA9DB9647}.Release|Any CPU.Build.0 = Release|Any CPU
	EndGlobalSection
	GlobalSection(SolutionProperties) = preSolution
		HideSolutionNode = FALSE
	EndGlobalSection
	GlobalSection(NestedProjects) = preSolution
		{DC2DB793-2E7C-47CC-86F1-398C8FBB6DBD} = {CA5B5689-E1BC-4C29-97A5-2F3C7BFB5E0B}
		{ACA22F8F-7AC4-4BBB-B461-A5A99E6E829A} = {160E11EF-675E-4FF4-A0E3-969DDFF2C9EC}
		{BBD33B99-D412-4BD8-A28A-7209D3745484} = {7CFB893B-F381-487A-9E45-F12A45299706}
		{059B3185-E1CF-4484-9438-37EB8F7567CB} = {D6F10AC4-E08C-48EC-B3E5-A0B11979D077}
		{CA5B5689-E1BC-4C29-97A5-2F3C7BFB5E0B} = {E45940C9-3FA8-4075-8D14-9991B447D987}
		{160E11EF-675E-4FF4-A0E3-969DDFF2C9EC} = {E45940C9-3FA8-4075-8D14-9991B447D987}
		{7CFB893B-F381-487A-9E45-F12A45299706} = {E45940C9-3FA8-4075-8D14-9991B447D987}
		{D6F10AC4-E08C-48EC-B3E5-A0B11979D077} = {E45940C9-3FA8-4075-8D14-9991B447D987}
		{7F47FF31-E454-4E2C-8366-E695B897F1E5} = {A7F1C657-BFB6-4F84-9EE0-D6F1173D06E7}
		{E2EBFDBB-D853-4057-9DCD-58CCA9DB9647} = {7F47FF31-E454-4E2C-8366-E695B897F1E5}
	EndGlobalSection
	GlobalSection(ExtensibilityGlobals) = postSolution
		SolutionGuid = {902B3D1F-F614-40CD-8D59-9F2799AF2674}
	EndGlobalSection
EndGlobal
